// !$*UTF8*$!
{
	archiveVersion = 1;
	classes = {
	};
	objectVersion = 46;
	objects = {

/* Begin PBXBuildFile section */
		B60BE9501B6DFE8500E385C6 /* main.m in Sources */ = {isa = PBXBuildFile; fileRef = B60BE94F1B6DFE8500E385C6 /* main.m */; };
		B60BE9531B6DFE8500E385C6 /* AppDelegate.m in Sources */ = {isa = PBXBuildFile; fileRef = B60BE9521B6DFE8500E385C6 /* AppDelegate.m */; };
		B60BE9561B6DFE8500E385C6 /* ViewController.m in Sources */ = {isa = PBXBuildFile; fileRef = B60BE9551B6DFE8500E385C6 /* ViewController.m */; };
		B60BE9591B6DFE8500E385C6 /* Main.storyboard in Resources */ = {isa = PBXBuildFile; fileRef = B60BE9571B6DFE8500E385C6 /* Main.storyboard */; };
		B60BE95B1B6DFE8500E385C6 /* Images.xcassets in Resources */ = {isa = PBXBuildFile; fileRef = B60BE95A1B6DFE8500E385C6 /* Images.xcassets */; };
		B60BE95E1B6DFE8500E385C6 /* LaunchScreen.xib in Resources */ = {isa = PBXBuildFile; fileRef = B60BE95C1B6DFE8500E385C6 /* LaunchScreen.xib */; };
		B63AFC9D1B8F7DB200694D40 /* LxDownloadTask.m in Sources */ = {isa = PBXBuildFile; fileRef = B63AFC9C1B8F7DB200694D40 /* LxDownloadTask.m */; };
/* End PBXBuildFile section */

/* Begin PBXFileReference section */
		B60BE94A1B6DFE8500E385C6 /* LxDownloadTaskDemo.app */ = {isa = PBXFileReference; explicitFileType = wrapper.application; includeInIndex = 0; path = LxDownloadTaskDemo.app; sourceTree = BUILT_PRODUCTS_DIR; };
		B60BE94E1B6DFE8500E385C6 /* Info.plist */ = {isa = PBXFileReference; lastKnownFileType = text.plist.xml; path = Info.plist; sourceTree = "<group>"; };
		B60BE94F1B6DFE8500E385C6 /* main.m */ = {isa = PBXFileReference; lastKnownFileType = sourcecode.c.objc; path = main.m; sourceTree = "<group>"; };
		B60BE9511B6DFE8500E385C6 /* AppDelegate.h */ = {isa = PBXFileReference; lastKnownFileType = sourcecode.c.h; path = AppDelegate.h; sourceTree = "<group>"; };
		B60BE9521B6DFE8500E385C6 /* AppDelegate.m */ = {isa = PBXFileReference; lastKnownFileType = sourcecode.c.objc; path = AppDelegate.m; sourceTree = "<group>"; };
		B60BE9541B6DFE8500E385C6 /* ViewController.h */ = {isa = PBXFileReference; lastKnownFileType = sourcecode.c.h; path = ViewController.h; sourceTree = "<group>"; };
		B60BE9551B6DFE8500E385C6 /* ViewController.m */ = {isa = PBXFileReference; lastKnownFileType = sourcecode.c.objc; path = ViewController.m; sourceTree = "<group>"; };
		B60BE9581B6DFE8500E385C6 /* Base */ = {isa = PBXFileReference; lastKnownFileType = file.storyboard; name = Base; path = Base.lproj/Main.storyboard; sourceTree = "<group>"; };
		B60BE95A1B6DFE8500E385C6 /* Images.xcassets */ = {isa = PBXFileReference; lastKnownFileType = folder.assetcatalog; path = Images.xcassets; sourceTree = "<group>"; };
		B60BE95D1B6DFE8500E385C6 /* Base */ = {isa = PBXFileReference; lastKnownFileType = file.xib; name = Base; path = Base.lproj/LaunchScreen.xib; sourceTree = "<group>"; };
		B63AFC9B1B8F7DB200694D40 /* LxDownloadTask.h */ = {isa = PBXFileReference; fileEncoding = 4; lastKnownFileType = sourcecode.c.h; path = LxDownloadTask.h; sourceTree = "<group>"; };
		B63AFC9C1B8F7DB200694D40 /* LxDownloadTask.m */ = {isa = PBXFileReference; fileEncoding = 4; lastKnownFileType = sourcecode.c.objc; path = LxDownloadTask.m; sourceTree = "<group>"; };
/* End PBXFileReference section */

/* Begin PBXFrameworksBuildPhase section */
		B60BE9471B6DFE8500E385C6 /* Frameworks */ = {
			isa = PBXFrameworksBuildPhase;
			buildActionMask = 2147483647;
			files = (
			);
			runOnlyForDeploymentPostprocessing = 0;
		};
/* End PBXFrameworksBuildPhase section */

/* Begin PBXGroup section */
		B60BE9411B6DFE8500E385C6 = {
			isa = PBXGroup;
			children = (
				B60BE94C1B6DFE8500E385C6 /* LxDownloadTaskDemo */,
				B60BE94B1B6DFE8500E385C6 /* Products */,
			);
			sourceTree = "<group>";
		};
		B60BE94B1B6DFE8500E385C6 /* Products */ = {
			isa = PBXGroup;
			children = (
				B60BE94A1B6DFE8500E385C6 /* LxDownloadTaskDemo.app */,
			);
			name = Products;
			sourceTree = "<group>";
		};
		B60BE94C1B6DFE8500E385C6 /* LxDownloadTaskDemo */ = {
			isa = PBXGroup;
			children = (
				B63AFC9A1B8F7DB200694D40 /* LxDownloadTask */,
				B60BE9511B6DFE8500E385C6 /* AppDelegate.h */,
				B60BE9521B6DFE8500E385C6 /* AppDelegate.m */,
				B60BE9541B6DFE8500E385C6 /* ViewController.h */,
				B60BE9551B6DFE8500E385C6 /* ViewController.m */,
				B60BE94D1B6DFE8500E385C6 /* Supporting Files */,
			);
			path = LxDownloadTaskDemo;
			sourceTree = "<group>";
		};
		B60BE94D1B6DFE8500E385C6 /* Supporting Files */ = {
			isa = PBXGroup;
			children = (
				B60BE95C1B6DFE8500E385C6 /* LaunchScreen.xib */,
				B60BE9571B6DFE8500E385C6 /* Main.storyboard */,
				B60BE95A1B6DFE8500E385C6 /* Images.xcassets */,
				B60BE94E1B6DFE8500E385C6 /* Info.plist */,
				B60BE94F1B6DFE8500E385C6 /* main.m */,
			);
			name = "Supporting Files";
			sourceTree = "<group>";
		};
		B63AFC9A1B8F7DB200694D40 /* LxDownloadTask */ = {
			isa = PBXGroup;
			children = (
				B63AFC9B1B8F7DB200694D40 /* LxDownloadTask.h */,
				B63AFC9C1B8F7DB200694D40 /* LxDownloadTask.m */,
			);
			path = LxDownloadTask;
			sourceTree = SOURCE_ROOT;
		};
/* End PBXGroup section */

/* Begin PBXNativeTarget section */
		B60BE9491B6DFE8500E385C6 /* LxDownloadTaskDemo */ = {
			isa = PBXNativeTarget;
			buildConfigurationList = B60BE96D1B6DFE8500E385C6 /* Build configuration list for PBXNativeTarget "LxDownloadTaskDemo" */;
			buildPhases = (
				B60BE9461B6DFE8500E385C6 /* Sources */,
				B60BE9471B6DFE8500E385C6 /* Frameworks */,
				B60BE9481B6DFE8500E385C6 /* Resources */,
			);
			buildRules = (
			);
			dependencies = (
			);
			name = LxDownloadTaskDemo;
			productName = LxDownloadTaskDemo;
			productReference = B60BE94A1B6DFE8500E385C6 /* LxDownloadTaskDemo.app */;
			productType = "com.apple.product-type.application";
		};
/* End PBXNativeTarget section */

/* Begin PBXProject section */
		B60BE9421B6DFE8500E385C6 /* Project object */ = {
			isa = PBXProject;
			attributes = {
				LastUpgradeCheck = 0640;
				ORGANIZATIONNAME = DeveloperLx;
				TargetAttributes = {
					B60BE9491B6DFE8500E385C6 = {
						CreatedOnToolsVersion = 6.4;
					};
				};
			};
			buildConfigurationList = B60BE9451B6DFE8500E385C6 /* Build configuration list for PBXProject "LxDownloadTaskDemo" */;
			compatibilityVersion = "Xcode 3.2";
			developmentRegion = English;
			hasScannedForEncodings = 0;
			knownRegions = (
				en,
				Base,
			);
			mainGroup = B60BE9411B6DFE8500E385C6;
			productRefGroup = B60BE94B1B6DFE8500E385C6 /* Products */;
			projectDirPath = "";
			projectRoot = "";
			targets = (
				B60BE9491B6DFE8500E385C6 /* LxDownloadTaskDemo */,
			);
		};
/* End PBXProject section */

/* Begin PBXResourcesBuildPhase section */
		B60BE9481B6DFE8500E385C6 /* Resources */ = {
			isa = PBXResourcesBuildPhase;
			buildActionMask = 2147483647;
			files = (
				B60BE9591B6DFE8500E385C6 /* Main.storyboard in Resources */,
				B60BE95E1B6DFE8500E385C6 /* LaunchScreen.xib in Resources */,
				B60BE95B1B6DFE8500E385C6 /* Images.xcassets in Resources */,
			);
			runOnlyForDeploymentPostprocessing = 0;
		};
/* End PBXResourcesBuildPhase section */

/* Begin PBXSourcesBuildPhase section */
		B60BE9461B6DFE8500E385C6 /* Sources */ = {
			isa = PBXSourcesBuildPhase;
			buildActionMask = 2147483647;
			files = (
				B60BE9561B6DFE8500E385C6 /* ViewController.m in Sources */,
				B60BE9531B6DFE8500E385C6 /* AppDelegate.m in Sources */,
				B63AFC9D1B8F7DB200694D40 /* LxDownloadTask.m in Sources */,
				B60BE9501B6DFE8500E385C6 /* main.m in Sources */,
			);
			runOnlyForDeploymentPostprocessing = 0;
		};
/* End PBXSourcesBuildPhase section */

/* Begin PBXVariantGroup section */
		B60BE9571B6DFE8500E385C6 /* Main.storyboard */ = {
			isa = PBXVariantGroup;
			children = (
				B60BE9581B6DFE8500E385C6 /* Base */,
			);
			name = Main.storyboard;
			sourceTree = "<group>";
		};
		B60BE95C1B6DFE8500E385C6 /* LaunchScreen.xib */ = {
			isa = PBXVariantGroup;
			children = (
				B60BE95D1B6DFE8500E385C6 /* Base */,
			);
			name = LaunchScreen.xib;
			sourceTree = "<group>";
		};
/* End PBXVariantGroup section */

/* Begin XCBuildConfiguration section */
		B60BE96B1B6DFE8500E385C6 /* Debug */ = {
			isa = XCBuildConfiguration;
			buildSettings = {
				ALWAYS_SEARCH_USER_PATHS = NO;
				CLANG_CXX_LANGUAGE_STANDARD = "gnu++0x";
				CLANG_CXX_LIBRARY = "libc++";
				CLANG_ENABLE_MODULES = YES;
				CLANG_ENABLE_OBJC_ARC = YES;
				CLANG_WARN_BOOL_CONVERSION = YES;
				CLANG_WARN_CONSTANT_CONVERSION = YES;
				CLANG_WARN_DIRECT_OBJC_ISA_USAGE = YES_ERROR;
				CLANG_WARN_EMPTY_BODY = YES;
				CLANG_WARN_ENUM_CONVERSION = YES;
				CLANG_WARN_INT_CONVERSION = YES;
				CLANG_WARN_OBJC_ROOT_CLASS = YES_ERROR;
				CLANG_WARN_UNREACHABLE_CODE = YES;
				CLANG_WARN__DUPLICATE_METHOD_MATCH = YES;
				"CODE_SIGN_IDENTITY[sdk=iphoneos*]" = "iPhone Developer";
				COPY_PHASE_STRIP = NO;
				DEBUG_INFORMATION_FORMAT = "dwarf-with-dsym";
				ENABLE_STRICT_OBJC_MSGSEND = YES;
				GCC_C_LANGUAGE_STANDARD = gnu99;
				GCC_DYNAMIC_NO_PIC = NO;
				GCC_NO_COMMON_BLOCKS = YES;
				GCC_OPTIMIZATION_LEVEL = 0;
				GCC_PREPROCESSOR_DEFINITIONS = (
					"DEBUG=1",
					"$(inherited)",
				);
				GCC_SYMBOLS_PRIVATE_EXTERN = NO;
				GCC_WARN_64_TO_32_BIT_CONVERSION = YES;
				GCC_WARN_ABOUT_RETURN_TYPE = YES_ERROR;
				GCC_WARN_UNDECLARED_SELECTOR = YES;
				GCC_WARN_UNINITIALIZED_AUTOS = YES_AGGRESSIVE;
				GCC_WARN_UNUSED_FUNCTION = YES;
				GCC_WARN_UNUSED_VARIABLE = YES;
				IPHONEOS_DEPLOYMENT_TARGET = 8.4;
				MTL_ENABLE_DEBUG_INFO = YES;
				ONLY_ACTIVE_ARCH = YES;
				SDKROOT = iphoneos;
				TARGETED_DEVICE_FAMILY = "1,2";
			};
			name = Debug;
		};
		B60BE96C1B6DFE8500E385C6 /* Release */ = {
			isa = XCBuildConfiguration;
			buildSettings = {
				ALWAYS_SEARCH_USER_PATHS = NO;
				CLANG_CXX_LANGUAGE_STANDARD = "gnu++0x";
				CLANG_CXX_LIBRARY = "libc++";
				CLANG_ENABLE_MODULES = YES;
				CLANG_ENABLE_OBJC_ARC = YES;
				CLANG_WARN_BOOL_CONVERSION = YES;
				CLANG_WARN_CONSTANT_CONVERSION = YES;
				CLANG_WARN_DIRECT_OBJC_ISA_USAGE = YES_ERROR;
				CLANG_WARN_EMPTY_BODY = YES;
				CLANG_WARN_ENUM_CONVERSION = YES;
				CLANG_WARN_INT_CONVERSION = YES;
				CLANG_WARN_OBJC_ROOT_CLASS = YES_ERROR;
				CLANG_WARN_UNREACHABLE_CODE = YES;
				CLANG_WARN__DUPLICATE_METHOD_MATCH = YES;
				"CODE_SIGN_IDENTITY[sdk=iphoneos*]" = "iPhone Developer";
				COPY_PHASE_STRIP = NO;
				DEBUG_INFORMATION_FORMAT = "dwarf-with-dsym";
				ENABLE_NS_ASSERTIONS = NO;
				ENABLE_STRICT_OBJC_MSGSEND = YES;
				GCC_C_LANGUAGE_STANDARD = gnu99;
				GCC_NO_COMMON_BLOCKS = YES;
				GCC_WARN_64_TO_32_BIT_CONVERSION = YES;
				GCC_WARN_ABOUT_RETURN_TYPE = YES_ERROR;
				GCC_WARN_UNDECLARED_SELECTOR = YES;
				GCC_WARN_UNINITIALIZED_AUTOS = YES_AGGRESSIVE;
				GCC_WARN_UNUSED_FUNCTION = YES;
				GCC_WARN_UNUSED_VARIABLE = YES;
				IPHONEOS_DEPLOYMENT_TARGET = 8.4;
				MTL_ENABLE_DEBUG_INFO = NO;
				SDKROOT = iphoneos;
				TARGETED_DEVICE_FAMILY = "1,2";
				VALIDATE_PRODUCT = YES;
			};
			name = Release;
		};
		B60BE96E1B6DFE8500E385C6 /* Debug */ = {
			isa = XCBuildConfiguration;
			buildSettings = {
				ASSETCATALOG_COMPILER_APPICON_NAME = AppIcon;
				INFOPLIST_FILE = LxDownloadTaskDemo/Info.plist;
				LD_RUNPATH_SEARCH_PATHS = "$(inherited) @executable_path/Frameworks";
				PRODUCT_NAME = "$(TARGET_NAME)";
			};
			name = Debug;
		};
		B60BE96F1B6DFE8500E385C6 /* Release */ = {
			isa = XCBuildConfiguration;
			buildSettings = {
				ASSETCATALOG_COMPILER_APPICON_NAME = AppIcon;
				INFOPLIST_FILE = LxDownloadTaskDemo/Info.plist;
				LD_RUNPATH_SEARCH_PATHS = "$(inherited) @executable_path/Frameworks";
				PRODUCT_NAME = "$(TARGET_NAME)";
			};
			name = Release;
		};
/* End XCBuildConfiguration section */

/* Begin XCConfigurationList section */
		B60BE9451B6DFE8500E385C6 /* Build configuration list for PBXProject "LxDownloadTaskDemo" */ = {
			isa = XCConfigurationList;
			buildConfigurations = (
				B60BE96B1B6DFE8500E385C6 /* Debug */,
				B60BE96C1B6DFE8500E385C6 /* Release */,
			);
			defaultConfigurationIsVisible = 0;
			defaultConfigurationName = Release;
		};
		B60BE96D1B6DFE8500E385C6 /* Build configuration list for PBXNativeTarget "LxDownloadTaskDemo" */ = {
			isa = XCConfigurationList;
			buildConfigurations = (
				B60BE96E1B6DFE8500E385C6 /* Debug */,
				B60BE96F1B6DFE8500E385C6 /* Release */,
			);
			defaultConfigurationIsVisible = 0;
			defaultConfigurationName = Release;
		};
/* End XCConfigurationList section */
	};
	rootObject = B60BE9421B6DFE8500E385C6 /* Project object */;
}
